<?xml version="1.0" encoding="utf-8"?>
<Project ToolsVersion="4.0" xmlns="http://schemas.microsoft.com/developer/msbuild/2003">
  <ItemGroup>
    <ClCompile Include="src\ofApp.cpp">
      <Filter>src</Filter>
    </ClCompile>
    <ClCompile Include="src\main.cpp">
      <Filter>src</Filter>
    </ClCompile>
    <ClCompile Include="..\..\..\addons\ofxGui\src\ofxBaseGui.cpp">
      <Filter>addons\ofxGui\src</Filter>
    </ClCompile>
    <ClCompile Include="..\..\..\addons\ofxGui\src\ofxButton.cpp">
      <Filter>addons\ofxGui\src</Filter>
    </ClCompile>
    <ClCompile Include="..\..\..\addons\ofxGui\src\ofxGuiGroup.cpp">
      <Filter>addons\ofxGui\src</Filter>
    </ClCompile>
    <ClCompile Include="..\..\..\addons\ofxGui\src\ofxLabel.cpp">
      <Filter>addons\ofxGui\src</Filter>
    </ClCompile>
    <ClCompile Include="..\..\..\addons\ofxGui\src\ofxPanel.cpp">
      <Filter>addons\ofxGui\src</Filter>
    </ClCompile>
    <ClCompile Include="..\..\..\addons\ofxGui\src\ofxSlider.cpp">
      <Filter>addons\ofxGui\src</Filter>
    </ClCompile>
    <ClCompile Include="..\..\..\addons\ofxGui\src\ofxSliderGroup.cpp">
      <Filter>addons\ofxGui\src</Filter>
    </ClCompile>
    <ClCompile Include="..\..\..\addons\ofxGui\src\ofxToggle.cpp">
      <Filter>addons\ofxGui\src</Filter>
    </ClCompile>
    <ClCompile Include="..\..\..\addons\ofxMSACore\src\MSACoreGL.cpp">
      <Filter>addons\ofxMSACore\src</Filter>
    </ClCompile>
    <ClCompile Include="..\..\..\addons\ofxMSAObjCPointer\src\MSAObjCPointer.cpp">
      <Filter>addons\ofxMSAObjCPointer\src</Filter>
    </ClCompile>
    <ClCompile Include="..\..\..\addons\ofxShivaVG\src\ofxShivaVGRenderer.cpp">
      <Filter>addons\ofxShivaVG\src</Filter>
    </ClCompile>
    <ClCompile Include="..\..\..\addons\ofxShivaVG\src\simpleVGContext.cpp">
      <Filter>addons\ofxShivaVG\src</Filter>
    </ClCompile>
    <ClCompile Include="..\..\..\addons\ofxShivaVG\src\simpleVGPath.cpp">
      <Filter>addons\ofxShivaVG\src</Filter>
    </ClCompile>
    <ClCompile Include="..\..\..\addons\ofxShivaVG\libs\ShivaVG\src\shArrays.c">
      <Filter>addons\ofxShivaVG\libs\ShivaVG\src</Filter>
    </ClCompile>
    <ClCompile Include="..\..\..\addons\ofxShivaVG\libs\ShivaVG\src\shContext.c">
      <Filter>addons\ofxShivaVG\libs\ShivaVG\src</Filter>
    </ClCompile>
    <ClCompile Include="..\..\..\addons\ofxShivaVG\libs\ShivaVG\src\shExtensions.c">
      <Filter>addons\ofxShivaVG\libs\ShivaVG\src</Filter>
    </ClCompile>
    <ClCompile Include="..\..\..\addons\ofxShivaVG\libs\ShivaVG\src\shGeometry.c">
      <Filter>addons\ofxShivaVG\libs\ShivaVG\src</Filter>
    </ClCompile>
    <ClCompile Include="..\..\..\addons\ofxShivaVG\libs\ShivaVG\src\shImage.c">
      <Filter>addons\ofxShivaVG\libs\ShivaVG\src</Filter>
    </ClCompile>
    <ClCompile Include="..\..\..\addons\ofxShivaVG\libs\ShivaVG\src\shPaint.c">
      <Filter>addons\ofxShivaVG\libs\ShivaVG\src</Filter>
    </ClCompile>
    <ClCompile Include="..\..\..\addons\ofxShivaVG\libs\ShivaVG\src\shParams.c">
      <Filter>addons\ofxShivaVG\libs\ShivaVG\src</Filter>
    </ClCompile>
    <ClCompile Include="..\..\..\addons\ofxShivaVG\libs\ShivaVG\src\shPath.c">
      <Filter>addons\ofxShivaVG\libs\ShivaVG\src</Filter>
    </ClCompile>
    <ClCompile Include="..\..\..\addons\ofxShivaVG\libs\ShivaVG\src\shPipeline.c">
      <Filter>addons\ofxShivaVG\libs\ShivaVG\src</Filter>
    </ClCompile>
    <ClCompile Include="..\..\..\addons\ofxShivaVG\libs\ShivaVG\src\shVectors.c">
      <Filter>addons\ofxShivaVG\libs\ShivaVG\src</Filter>
    </ClCompile>
    <ClCompile Include="..\..\..\addons\ofxShivaVG\libs\ShivaVG\src\shVgu.c">
      <Filter>addons\ofxShivaVG\libs\ShivaVG\src</Filter>
    </ClCompile>
    <ClCompile Include="src\VerletShape.cpp" />
    <ClCompile Include="src\Segment.cpp" />
  </ItemGroup>
  <ItemGroup>
    <Filter Include="src">
      <UniqueIdentifier>{d8376475-7454-4a24-b08a-aac121d3ad6f}</UniqueIdentifier>
    </Filter>
    <Filter Include="addons">
      <UniqueIdentifier>{71834F65-F3A9-211E-73B8-DC85}</UniqueIdentifier>
    </Filter>
    <Filter Include="addons\ofxGui">
      <UniqueIdentifier>{4F2A59AF-5F4E-704B-D067-EC13}</UniqueIdentifier>
    </Filter>
    <Filter Include="addons\ofxGui\src">
      <UniqueIdentifier>{645E9533-4DCD-6179-1CDF-CB65}</UniqueIdentifier>
    </Filter>
    <Filter Include="addons\ofxMSACore">
      <UniqueIdentifier>{731EF7F9-8F49-031C-EEDF-FC0D}</UniqueIdentifier>
    </Filter>
    <Filter Include="addons\ofxMSACore\src">
      <UniqueIdentifier>{ADA31002-61E1-E44B-8B38-C509}</UniqueIdentifier>
    </Filter>
    <Filter Include="addons\ofxMSAObjCPointer">
      <UniqueIdentifier>{077CCFCB-BB73-E171-52AF-62BB}</UniqueIdentifier>
    </Filter>
    <Filter Include="addons\ofxMSAObjCPointer\src">
      <UniqueIdentifier>{AA4E7C29-BFDA-9DC2-5807-F4B8}</UniqueIdentifier>
    </Filter>
    <Filter Include="addons\ofxMSAPhysics">
      <UniqueIdentifier>{ED661F95-F00D-AE04-F1A2-F841}</UniqueIdentifier>
    </Filter>
    <Filter Include="addons\ofxMSAPhysics\src">
      <UniqueIdentifier>{06B72E8B-5168-487B-EABE-B3FE}</UniqueIdentifier>
    </Filter>
    <Filter Include="addons\ofxShivaVG">
      <UniqueIdentifier>{D52B5910-285E-8244-F3F5-D3B9}</UniqueIdentifier>
    </Filter>
    <Filter Include="addons\ofxShivaVG\src">
      <UniqueIdentifier>{9E666529-5A4D-753B-96C6-E2A7}</UniqueIdentifier>
    </Filter>
    <Filter Include="addons\ofxShivaVG\libs">
      <UniqueIdentifier>{EB9C1AF0-FFFB-A1BE-5E5E-E9E3}</UniqueIdentifier>
    </Filter>
    <Filter Include="addons\ofxShivaVG\libs\ShivaVG">
      <UniqueIdentifier>{25C32EFC-B07A-B857-2D22-009D}</UniqueIdentifier>
    </Filter>
    <Filter Include="addons\ofxShivaVG\libs\ShivaVG\include">
      <UniqueIdentifier>{2378F48D-7B7B-5170-67C5-B5E8}</UniqueIdentifier>
    </Filter>
    <Filter Include="addons\ofxShivaVG\libs\ShivaVG\include\vg">
      <UniqueIdentifier>{55F17E14-8A46-0BFA-44D3-E0BE}</UniqueIdentifier>
    </Filter>
    <Filter Include="addons\ofxShivaVG\libs\ShivaVG\src">
      <UniqueIdentifier>{98CC64AF-C278-6FB8-AC3E-F33A}</UniqueIdentifier>
    </Filter>
  </ItemGroup>
  <ItemGroup>
    <ClInclude Include="src\ofApp.h">
      <Filter>src</Filter>
    </ClInclude>
    <ClInclude Include="..\..\..\addons\ofxGui\src\ofxBaseGui.h">
      <Filter>addons\ofxGui\src</Filter>
    </ClInclude>
    <ClInclude Include="..\..\..\addons\ofxGui\src\ofxButton.h">
      <Filter>addons\ofxGui\src</Filter>
    </ClInclude>
    <ClInclude Include="..\..\..\addons\ofxGui\src\ofxGui.h">
      <Filter>addons\ofxGui\src</Filter>
    </ClInclude>
    <ClInclude Include="..\..\..\addons\ofxGui\src\ofxGuiGroup.h">
      <Filter>addons\ofxGui\src</Filter>
    </ClInclude>
    <ClInclude Include="..\..\..\addons\ofxGui\src\ofxLabel.h">
      <Filter>addons\ofxGui\src</Filter>
    </ClInclude>
    <ClInclude Include="..\..\..\addons\ofxGui\src\ofxPanel.h">
      <Filter>addons\ofxGui\src</Filter>
    </ClInclude>
    <ClInclude Include="..\..\..\addons\ofxGui\src\ofxSlider.h">
      <Filter>addons\ofxGui\src</Filter>
    </ClInclude>
    <ClInclude Include="..\..\..\addons\ofxGui\src\ofxSliderGroup.h">
      <Filter>addons\ofxGui\src</Filter>
    </ClInclude>
    <ClInclude Include="..\..\..\addons\ofxGui\src\ofxToggle.h">
      <Filter>addons\ofxGui\src</Filter>
    </ClInclude>
    <ClInclude Include="..\..\..\addons\ofxMSACore\src\MSACore-Cinder.h">
      <Filter>addons\ofxMSACore\src</Filter>
    </ClInclude>
    <ClInclude Include="..\..\..\addons\ofxMSACore\src\MSACore-OF.h">
      <Filter>addons\ofxMSACore\src</Filter>
    </ClInclude>
    <ClInclude Include="..\..\..\addons\ofxMSACore\src\MSACore.h">
      <Filter>addons\ofxMSACore\src</Filter>
    </ClInclude>
    <ClInclude Include="..\..\..\addons\ofxMSACore\src\MSACoreCommon.h">
      <Filter>addons\ofxMSACore\src</Filter>
    </ClInclude>
    <ClInclude Include="..\..\..\addons\ofxMSACore\src\MSACoreGL.h">
      <Filter>addons\ofxMSACore\src</Filter>
    </ClInclude>
    <ClInclude Include="..\..\..\addons\ofxMSACore\src\MSACoreMath.h">
      <Filter>addons\ofxMSACore\src</Filter>
    </ClInclude>
    <ClInclude Include="..\..\..\addons\ofxMSAObjCPointer\src\MSAObjCPointer.h">
      <Filter>addons\ofxMSAObjCPointer\src</Filter>
    </ClInclude>
    <ClInclude Include="..\..\..\addons\ofxMSAPhysics\src\MSAPhysics.h">
      <Filter>addons\ofxMSAPhysics\src</Filter>
    </ClInclude>
    <ClInclude Include="..\..\..\addons\ofxMSAPhysics\src\MSAPhysics2D.h">
      <Filter>addons\ofxMSAPhysics\src</Filter>
    </ClInclude>
    <ClInclude Include="..\..\..\addons\ofxMSAPhysics\src\MSAPhysics3D.h">
      <Filter>addons\ofxMSAPhysics\src</Filter>
    </ClInclude>
    <ClInclude Include="..\..\..\addons\ofxMSAPhysics\src\MSAPhysicsAttraction.h">
      <Filter>addons\ofxMSAPhysics\src</Filter>
    </ClInclude>
    <ClInclude Include="..\..\..\addons\ofxMSAPhysics\src\MSAPhysicsCallbacks.h">
      <Filter>addons\ofxMSAPhysics\src</Filter>
    </ClInclude>
    <ClInclude Include="..\..\..\addons\ofxMSAPhysics\src\MSAPhysicsConstraint.h">
      <Filter>addons\ofxMSAPhysics\src</Filter>
    </ClInclude>
    <ClInclude Include="..\..\..\addons\ofxMSAPhysics\src\MSAPhysicsDataRecorder.h">
      <Filter>addons\ofxMSAPhysics\src</Filter>
    </ClInclude>
    <ClInclude Include="..\..\..\addons\ofxMSAPhysics\src\MSAPhysicsParams.h">
      <Filter>addons\ofxMSAPhysics\src</Filter>
    </ClInclude>
    <ClInclude Include="..\..\..\addons\ofxMSAPhysics\src\MSAPhysicsParticle.h">
      <Filter>addons\ofxMSAPhysics\src</Filter>
    </ClInclude>
    <ClInclude Include="..\..\..\addons\ofxMSAPhysics\src\MSAPhysicsParticleDrawer.h">
      <Filter>addons\ofxMSAPhysics\src</Filter>
    </ClInclude>
    <ClInclude Include="..\..\..\addons\ofxMSAPhysics\src\MSAPhysicsParticleUpdater.h">
      <Filter>addons\ofxMSAPhysics\src</Filter>
    </ClInclude>
    <ClInclude Include="..\..\..\addons\ofxMSAPhysics\src\MSAPhysicsSector.h">
      <Filter>addons\ofxMSAPhysics\src</Filter>
    </ClInclude>
    <ClInclude Include="..\..\..\addons\ofxMSAPhysics\src\MSAPhysicsSpring.h">
      <Filter>addons\ofxMSAPhysics\src</Filter>
    </ClInclude>
    <ClInclude Include="..\..\..\addons\ofxMSAPhysics\src\MSAPhysicsWorld.h">
      <Filter>addons\ofxMSAPhysics\src</Filter>
    </ClInclude>
    <ClInclude Include="..\..\..\addons\ofxShivaVG\src\ofxShivaVGRenderer.h">
      <Filter>addons\ofxShivaVG\src</Filter>
    </ClInclude>
    <ClInclude Include="..\..\..\addons\ofxShivaVG\src\simpleVGContext.h">
      <Filter>addons\ofxShivaVG\src</Filter>
    </ClInclude>
    <ClInclude Include="..\..\..\addons\ofxShivaVG\src\simpleVGPath.h">
      <Filter>addons\ofxShivaVG\src</Filter>
    </ClInclude>
    <ClInclude Include="..\..\..\addons\ofxShivaVG\libs\ShivaVG\include\vg\openvg.h">
      <Filter>addons\ofxShivaVG\libs\ShivaVG\include\vg</Filter>
    </ClInclude>
    <ClInclude Include="..\..\..\addons\ofxShivaVG\libs\ShivaVG\include\vg\vgu.h">
      <Filter>addons\ofxShivaVG\libs\ShivaVG\include\vg</Filter>
    </ClInclude>
    <ClInclude Include="..\..\..\addons\ofxShivaVG\libs\ShivaVG\src\shArrayBase.h">
      <Filter>addons\ofxShivaVG\libs\ShivaVG\src</Filter>
    </ClInclude>
    <ClInclude Include="..\..\..\addons\ofxShivaVG\libs\ShivaVG\src\shArrays.h">
      <Filter>addons\ofxShivaVG\libs\ShivaVG\src</Filter>
    </ClInclude>
    <ClInclude Include="..\..\..\addons\ofxShivaVG\libs\ShivaVG\src\shContext.h">
      <Filter>addons\ofxShivaVG\libs\ShivaVG\src</Filter>
    </ClInclude>
    <ClInclude Include="..\..\..\addons\ofxShivaVG\libs\ShivaVG\src\shDefs.h">
      <Filter>addons\ofxShivaVG\libs\ShivaVG\src</Filter>
    </ClInclude>
    <ClInclude Include="..\..\..\addons\ofxShivaVG\libs\ShivaVG\src\shExtensions.h">
      <Filter>addons\ofxShivaVG\libs\ShivaVG\src</Filter>
    </ClInclude>
    <ClInclude Include="..\..\..\addons\ofxShivaVG\libs\ShivaVG\src\shGeometry.h">
      <Filter>addons\ofxShivaVG\libs\ShivaVG\src</Filter>
    </ClInclude>
    <ClInclude Include="..\..\..\addons\ofxShivaVG\libs\ShivaVG\src\shImage.h">
      <Filter>addons\ofxShivaVG\libs\ShivaVG\src</Filter>
    </ClInclude>
    <ClInclude Include="..\..\..\addons\ofxShivaVG\libs\ShivaVG\src\shPaint.h">
      <Filter>addons\ofxShivaVG\libs\ShivaVG\src</Filter>
    </ClInclude>
    <ClInclude Include="..\..\..\addons\ofxShivaVG\libs\ShivaVG\src\shPath.h">
      <Filter>addons\ofxShivaVG\libs\ShivaVG\src</Filter>
    </ClInclude>
    <ClInclude Include="..\..\..\addons\ofxShivaVG\libs\ShivaVG\src\shVectors.h">
      <Filter>addons\ofxShivaVG\libs\ShivaVG\src</Filter>
    </ClInclude>
    <ClInclude Include="src\VerletShape.h" />
    <ClInclude Include="src\Segment.h" />
  </ItemGroup>
  <ItemGroup>
    <ResourceCompile Include="icon.rc" />
  </ItemGroup>
</Project>